absl-py==2.5.0
annotated-doc==0.0.5
annotated-types==0.8.0
anyio==4.15.1
certifi==2026.7.22
click==8.5.0
daqp==0.10.3
etils==1.14.0
evdev==2.0.0
fastapi==0.143.0
fsspec==2026.9.0
glfw==2.10.2
h11==0.16.0
httpcore==1.0.9
httpx==0.28.1
idna==3.20
imageio-ffmpeg==0.6.0
iniconfig==2.3.1
llvmlite==0.50.0
mink==0.0.13
mujoco==3.2.6
numba==0.68.0
numpy==1.23.5
opencv-python==4.11.0.86
opentelemetry-api==1.45.1
packaging==26.3
pillow==12.3.0
pluggy==1.6.0
pydantic==2.13.5
pydantic_core==2.46.5
Pygments==2.21.0
pynput==1.8.2
PyOpenGL==3.1.10
pytest==9.1.1
python-xlib==0.33
PyYAML==6.0.3
qpsolvers==4.13.0
robosuite==1.5.1
scipy==1.15.3
six==1.17.0
starlette==1.7.0
termcolor==3.3.0
tqdm==4.70.1
typing-inspection==0.4.4
typing_extensions==4.16.0
uvicorn==0.54.0
websockets==15.0.1
zipp==4.1.1
